<?xml version="1.0" encoding="UTF-8"?>
<Scheme
   version = "1.3">
   <BuildAction>
      <BuildActionEntries>
         <BuildActionEntry
            buildForRunning = "YES">
            <BuildableReference
               BuildableIdentifier = "primary"
               BlueprintIdentifier = "32E04FE21DCF458800AA923F"
               BuildableName = "WhereWillIGoToday.app"
               BlueprintName = "WhereWillIGoToday"
               ReferencedContainer = "container:../WhereWillIGoToday/WhereWillIGoToday.xcodeproj">
            </BuildableReference>
         </BuildActionEntry>
      </BuildActionEntries>
   </BuildAction>
   <LaunchAction
      useCustomWorkingDirectory = "NO"
      buildConfiguration = "Debug">
      <BuildableProductRunnable>
         <BuildableReference
            BuildableIdentifier = "primary"
            BlueprintIdentifier = "32E04FE21DCF458800AA923F"
            BuildableName = "WhereWillIGoToday.app"
            BlueprintName = "WhereWillIGoToday"
            ReferencedContainer = "container:../WhereWillIGoToday/WhereWillIGoToday.xcodeproj">
         </BuildableReference>
      </BuildableProductRunnable>
   </LaunchAction>
</Scheme>
